
Microsoft Visual Studio Solution File, Format Version 12.00
# Visual Studio Version 17
VisualStudioVersion = 17.0.31903.59
MinimumVisualStudioVersion = 10.0.40219.1
Project("{FAE04EC0-301F-11D3-BF4B-00C04F79EFBC}") = "E-Commerce", "E-Commerce\E-Commerce.csproj", "{6E3DE85B-2FF3-4009-8BD5-8F66F254DFC2}"
EndProject
Project("{FAE04EC0-301F-11D3-BF4B-00C04F79EFBC}") = "ECommerce.Business", "ECommerce.Business\ECommerce.Business.csproj", "{373BC893-9DA3-427D-AD77-9DB29FFC994E}"
EndProject
Project("{FAE04EC0-301F-11D3-BF4B-00C04F79EFBC}") = "ECommerce.Data2", "ECommerce.Data2\ECommerce.Data2.csproj", "{16DA6D38-BCD1-4B89-BC6D-F53C245D868A}"
EndProject
Global
	GlobalSection(SolutionConfigurationPlatforms) = preSolution
		Debug|Any CPU = Debug|Any CPU
		Debug|x64 = Debug|x64
		Debug|x86 = Debug|x86
		Release|Any CPU = Release|Any CPU
		Release|x64 = Release|x64
		Release|x86 = Release|x86
	EndGlobalSection
	GlobalSection(ProjectConfigurationPlatforms) = postSolution
		{6E3DE85B-2FF3-4009-8BD5-8F66F254DFC2}.Debug|Any CPU.ActiveCfg = Debug|Any CPU
		{6E3DE85B-2FF3-4009-8BD5-8F66F254DFC2}.Debug|Any CPU.Build.0 = Debug|Any CPU
		{6E3DE85B-2FF3-4009-8BD5-8F66F254DFC2}.Debug|x64.ActiveCfg = Debug|Any CPU
		{6E3DE85B-2FF3-4009-8BD5-8F66F254DFC2}.Debug|x64.Build.0 = Debug|Any CPU
		{6E3DE85B-2FF3-4009-8BD5-8F66F254DFC2}.Debug|x86.ActiveCfg = Debug|Any CPU
		{6E3DE85B-2FF3-4009-8BD5-8F66F254DFC2}.Debug|x86.Build.0 = Debug|Any CPU
		{6E3DE85B-2FF3-4009-8BD5-8F66F254DFC2}.Release|Any CPU.ActiveCfg = Release|Any CPU
		{6E3DE85B-2FF3-4009-8BD5-8F66F254DFC2}.Release|Any CPU.Build.0 = Release|Any CPU
		{6E3DE85B-2FF3-4009-8BD5-8F66F254DFC2}.Release|x64.ActiveCfg = Release|Any CPU
		{6E3DE85B-2FF3-4009-8BD5-8F66F254DFC2}.Release|x64.Build.0 = Release|Any CPU
		{6E3DE85B-2FF3-4009-8BD5-8F66F254DFC2}.Release|x86.ActiveCfg = Release|Any CPU
		{6E3DE85B-2FF3-4009-8BD5-8F66F254DFC2}.Release|x86.Build.0 = Release|Any CPU
		{373BC893-9DA3-427D-AD77-9DB29FFC994E}.Debug|Any CPU.ActiveCfg = Debug|Any CPU
		{373BC893-9DA3-427D-AD77-9DB29FFC994E}.Debug|Any CPU.Build.0 = Debug|Any CPU
		{373BC893-9DA3-427D-AD77-9DB29FFC994E}.Debug|x64.ActiveCfg = Debug|Any CPU
		{373BC893-9DA3-427D-AD77-9DB29FFC994E}.Debug|x64.Build.0 = Debug|Any CPU
		{373BC893-9DA3-427D-AD77-9DB29FFC994E}.Debug|x86.ActiveCfg = Debug|Any CPU
		{373BC893-9DA3-427D-AD77-9DB29FFC994E}.Debug|x86.Build.0 = Debug|Any CPU
		{373BC893-9DA3-427D-AD77-9DB29FFC994E}.Release|Any CPU.ActiveCfg = Release|Any CPU
		{373BC893-9DA3-427D-AD77-9DB29FFC994E}.Release|Any CPU.Build.0 = Release|Any CPU
		{373BC893-9DA3-427D-AD77-9DB29FFC994E}.Release|x64.ActiveCfg = Release|Any CPU
		{373BC893-9DA3-427D-AD77-9DB29FFC994E}.Release|x64.Build.0 = Release|Any CPU
		{373BC893-9DA3-427D-AD77-9DB29FFC994E}.Release|x86.ActiveCfg = Release|Any CPU
		{373BC893-9DA3-427D-AD77-9DB29FFC994E}.Release|x86.Build.0 = Release|Any CPU
		{16DA6D38-BCD1-4B89-BC6D-F53C245D868A}.Debug|Any CPU.ActiveCfg = Debug|Any CPU
		{16DA6D38-BCD1-4B89-BC6D-F53C245D868A}.Debug|Any CPU.Build.0 = Debug|Any CPU
		{16DA6D38-BCD1-4B89-BC6D-F53C245D868A}.Debug|x64.ActiveCfg = Debug|Any CPU
		{16DA6D38-BCD1-4B89-BC6D-F53C245D868A}.Debug|x64.Build.0 = Debug|Any CPU
		{16DA6D38-BCD1-4B89-BC6D-F53C245D868A}.Debug|x86.ActiveCfg = Debug|Any CPU
		{16DA6D38-BCD1-4B89-BC6D-F53C245D868A}.Debug|x86.Build.0 = Debug|Any CPU
		{16DA6D38-BCD1-4B89-BC6D-F53C245D868A}.Release|Any CPU.ActiveCfg = Release|Any CPU
		{16DA6D38-BCD1-4B89-BC6D-F53C245D868A}.Release|Any CPU.Build.0 = Release|Any CPU
		{16DA6D38-BCD1-4B89-BC6D-F53C245D868A}.Release|x64.ActiveCfg = Release|Any CPU
		{16DA6D38-BCD1-4B89-BC6D-F53C245D868A}.Release|x64.Build.0 = Release|Any CPU
		{16DA6D38-BCD1-4B89-BC6D-F53C245D868A}.Release|x86.ActiveCfg = Release|Any CPU
		{16DA6D38-BCD1-4B89-BC6D-F53C245D868A}.Release|x86.Build.0 = Release|Any CPU
	EndGlobalSection
	GlobalSection(SolutionProperties) = preSolution
		HideSolutionNode = FALSE
	EndGlobalSection
EndGlobal
